// !$*UTF8*$!
{
	archiveVersion = 1;
	classes = {
	};
	objectVersion = 50;
	objects = {

/* Begin PBXBuildFile section */
		BFC8A7D3268F7A6900C72955 /* AppDelegate.swift in Sources */ = {isa = PBXBuildFile; fileRef = BFC8A7D2268F7A6900C72955 /* AppDelegate.swift */; };
		BFC8A7D5268F7A6900C72955 /* SceneDelegate.swift in Sources */ = {isa = PBXBuildFile; fileRef = BFC8A7D4268F7A6900C72955 /* SceneDelegate.swift */; };
		BFC8A7DC268F7A6B00C72955 /* Assets.xcassets in Resources */ = {isa = PBXBuildFile; fileRef = BFC8A7DB268F7A6B00C72955 /* Assets.xcassets */; };
		BFC8A7DF268F7A6B00C72955 /* LaunchScreen.storyboard in Resources */ = {isa = PBXBuildFile; fileRef = BFC8A7DD268F7A6B00C72955 /* LaunchScreen.storyboard */; };
		BFC8A7EA268F7A6C00C72955 /* BooksIosTests.swift in Sources */ = {isa = PBXBuildFile; fileRef = BFC8A7E9268F7A6C00C72955 /* BooksIosTests.swift */; };
		BFC8A7F5268F7A6C00C72955 /* BooksIosUITests.swift in Sources */ = {isa = PBXBuildFile; fileRef = BFC8A7F4268F7A6C00C72955 /* BooksIosUITests.swift */; };
		BFC8A804268F907800C72955 /* AppCoordinator.swift in Sources */ = {isa = PBXBuildFile; fileRef = BFC8A803268F907800C72955 /* AppCoordinator.swift */; };
		BFC8A807268F924000C72955 /* LoginViewController.swift in Sources */ = {isa = PBXBuildFile; fileRef = BFC8A806268F924000C72955 /* LoginViewController.swift */; };
		BFC8A809268F94A500C72955 /* LoginCoordinator.swift in Sources */ = {isa = PBXBuildFile; fileRef = BFC8A808268F94A500C72955 /* LoginCoordinator.swift */; };
		BFC8A80E26932C4500C72955 /* LoginPresenter.swift in Sources */ = {isa = PBXBuildFile; fileRef = BFC8A80D26932C4500C72955 /* LoginPresenter.swift */; };
		BFC8A81126932CEA00C72955 /* TextField.swift in Sources */ = {isa = PBXBuildFile; fileRef = BFC8A81026932CEA00C72955 /* TextField.swift */; };
		BFC8A81426932F8000C72955 /* Colors.swift in Sources */ = {isa = PBXBuildFile; fileRef = BFC8A81326932F8000C72955 /* Colors.swift */; };
		BFC8A816269331C700C72955 /* TextFieldStack.swift in Sources */ = {isa = PBXBuildFile; fileRef = BFC8A815269331C700C72955 /* TextFieldStack.swift */; };
		BFC8A81C2693460700C72955 /* BackgroundImage.swift in Sources */ = {isa = PBXBuildFile; fileRef = BFC8A81B2693460700C72955 /* BackgroundImage.swift */; };
		BFC8A82326934D0C00C72955 /* LoginButton.swift in Sources */ = {isa = PBXBuildFile; fileRef = BFC8A82226934D0C00C72955 /* LoginButton.swift */; };
		BFC8A8252693530300C72955 /* Label.swift in Sources */ = {isa = PBXBuildFile; fileRef = BFC8A8242693530300C72955 /* Label.swift */; };
		BFC8A827269353A100C72955 /* InputView.swift in Sources */ = {isa = PBXBuildFile; fileRef = BFC8A826269353A100C72955 /* InputView.swift */; };
/* End PBXBuildFile section */

/* Begin PBXContainerItemProxy section */
		BFC8A7E6268F7A6C00C72955 /* PBXContainerItemProxy */ = {
			isa = PBXContainerItemProxy;
			containerPortal = BFC8A7C7268F7A6800C72955 /* Project object */;
			proxyType = 1;
			remoteGlobalIDString = BFC8A7CE268F7A6900C72955;
			remoteInfo = "books-ios";
		};
		BFC8A7F1268F7A6C00C72955 /* PBXContainerItemProxy */ = {
			isa = PBXContainerItemProxy;
			containerPortal = BFC8A7C7268F7A6800C72955 /* Project object */;
			proxyType = 1;
			remoteGlobalIDString = BFC8A7CE268F7A6900C72955;
			remoteInfo = "books-ios";
		};
/* End PBXContainerItemProxy section */

/* Begin PBXFileReference section */
		BFC8A7CF268F7A6900C72955 /* books-ios.app */ = {isa = PBXFileReference; explicitFileType = wrapper.application; includeInIndex = 0; path = "books-ios.app"; sourceTree = BUILT_PRODUCTS_DIR; };
		BFC8A7D2268F7A6900C72955 /* AppDelegate.swift */ = {isa = PBXFileReference; lastKnownFileType = sourcecode.swift; path = AppDelegate.swift; sourceTree = "<group>"; };
		BFC8A7D4268F7A6900C72955 /* SceneDelegate.swift */ = {isa = PBXFileReference; lastKnownFileType = sourcecode.swift; path = SceneDelegate.swift; sourceTree = "<group>"; };
		BFC8A7DB268F7A6B00C72955 /* Assets.xcassets */ = {isa = PBXFileReference; lastKnownFileType = folder.assetcatalog; path = Assets.xcassets; sourceTree = "<group>"; };
		BFC8A7DE268F7A6B00C72955 /* Base */ = {isa = PBXFileReference; lastKnownFileType = file.storyboard; name = Base; path = Base.lproj/LaunchScreen.storyboard; sourceTree = "<group>"; };
		BFC8A7E0268F7A6B00C72955 /* Info.plist */ = {isa = PBXFileReference; lastKnownFileType = text.plist.xml; path = Info.plist; sourceTree = "<group>"; };
		BFC8A7E5268F7A6C00C72955 /* books-iosTests.xctest */ = {isa = PBXFileReference; explicitFileType = wrapper.cfbundle; includeInIndex = 0; path = "books-iosTests.xctest"; sourceTree = BUILT_PRODUCTS_DIR; };
		BFC8A7E9268F7A6C00C72955 /* BooksIosTests.swift */ = {isa = PBXFileReference; lastKnownFileType = sourcecode.swift; path = BooksIosTests.swift; sourceTree = "<group>"; };
		BFC8A7EB268F7A6C00C72955 /* Info.plist */ = {isa = PBXFileReference; lastKnownFileType = text.plist.xml; path = Info.plist; sourceTree = "<group>"; };
		BFC8A7F0268F7A6C00C72955 /* books-iosUITests.xctest */ = {isa = PBXFileReference; explicitFileType = wrapper.cfbundle; includeInIndex = 0; path = "books-iosUITests.xctest"; sourceTree = BUILT_PRODUCTS_DIR; };
		BFC8A7F4268F7A6C00C72955 /* BooksIosUITests.swift */ = {isa = PBXFileReference; lastKnownFileType = sourcecode.swift; path = BooksIosUITests.swift; sourceTree = "<group>"; };
		BFC8A7F6268F7A6C00C72955 /* Info.plist */ = {isa = PBXFileReference; lastKnownFileType = text.plist.xml; path = Info.plist; sourceTree = "<group>"; };
		BFC8A803268F907800C72955 /* AppCoordinator.swift */ = {isa = PBXFileReference; lastKnownFileType = sourcecode.swift; path = AppCoordinator.swift; sourceTree = "<group>"; };
		BFC8A806268F924000C72955 /* LoginViewController.swift */ = {isa = PBXFileReference; lastKnownFileType = sourcecode.swift; path = LoginViewController.swift; sourceTree = "<group>"; };
		BFC8A808268F94A500C72955 /* LoginCoordinator.swift */ = {isa = PBXFileReference; lastKnownFileType = sourcecode.swift; path = LoginCoordinator.swift; sourceTree = "<group>"; };
		BFC8A80D26932C4500C72955 /* LoginPresenter.swift */ = {isa = PBXFileReference; lastKnownFileType = sourcecode.swift; path = LoginPresenter.swift; sourceTree = "<group>"; };
		BFC8A81026932CEA00C72955 /* TextField.swift */ = {isa = PBXFileReference; lastKnownFileType = sourcecode.swift; path = TextField.swift; sourceTree = "<group>"; };
		BFC8A81326932F8000C72955 /* Colors.swift */ = {isa = PBXFileReference; lastKnownFileType = sourcecode.swift; path = Colors.swift; sourceTree = "<group>"; };
		BFC8A815269331C700C72955 /* TextFieldStack.swift */ = {isa = PBXFileReference; lastKnownFileType = sourcecode.swift; path = TextFieldStack.swift; sourceTree = "<group>"; };
		BFC8A81B2693460700C72955 /* BackgroundImage.swift */ = {isa = PBXFileReference; lastKnownFileType = sourcecode.swift; path = BackgroundImage.swift; sourceTree = "<group>"; };
		BFC8A82226934D0C00C72955 /* LoginButton.swift */ = {isa = PBXFileReference; lastKnownFileType = sourcecode.swift; path = LoginButton.swift; sourceTree = "<group>"; };
		BFC8A8242693530300C72955 /* Label.swift */ = {isa = PBXFileReference; lastKnownFileType = sourcecode.swift; path = Label.swift; sourceTree = "<group>"; };
		BFC8A826269353A100C72955 /* InputView.swift */ = {isa = PBXFileReference; lastKnownFileType = sourcecode.swift; path = InputView.swift; sourceTree = "<group>"; };
/* End PBXFileReference section */

/* Begin PBXFrameworksBuildPhase section */
		BFC8A7CC268F7A6900C72955 /* Frameworks */ = {
			isa = PBXFrameworksBuildPhase;
			buildActionMask = 2147483647;
			files = (
			);
			runOnlyForDeploymentPostprocessing = 0;
		};
		BFC8A7E2268F7A6C00C72955 /* Frameworks */ = {
			isa = PBXFrameworksBuildPhase;
			buildActionMask = 2147483647;
			files = (
			);
			runOnlyForDeploymentPostprocessing = 0;
		};
		BFC8A7ED268F7A6C00C72955 /* Frameworks */ = {
			isa = PBXFrameworksBuildPhase;
			buildActionMask = 2147483647;
			files = (
			);
			runOnlyForDeploymentPostprocessing = 0;
		};
/* End PBXFrameworksBuildPhase section */

/* Begin PBXGroup section */
		BFC8A7C6268F7A6800C72955 = {
			isa = PBXGroup;
			children = (
				BFC8A7D1268F7A6900C72955 /* books-ios */,
				BFC8A7E8268F7A6C00C72955 /* books-iosTests */,
				BFC8A7F3268F7A6C00C72955 /* books-iosUITests */,
				BFC8A7D0268F7A6900C72955 /* Products */,
			);
			sourceTree = "<group>";
		};
		BFC8A7D0268F7A6900C72955 /* Products */ = {
			isa = PBXGroup;
			children = (
				BFC8A7CF268F7A6900C72955 /* books-ios.app */,
				BFC8A7E5268F7A6C00C72955 /* books-iosTests.xctest */,
				BFC8A7F0268F7A6C00C72955 /* books-iosUITests.xctest */,
			);
			name = Products;
			sourceTree = "<group>";
		};
		BFC8A7D1268F7A6900C72955 /* books-ios */ = {
			isa = PBXGroup;
			children = (
				BFC8A82126934A5F00C72955 /* Supporting Files */,
				BFC8A81226932F7100C72955 /* Colors */,
				BFC8A81D269349F300C72955 /* App Delegate */,
				BFC8A80F26932CCD00C72955 /* Views */,
				BFC8A80C26932C3500C72955 /* Presenters */,
				BFC8A802268F906900C72955 /* Coordinator */,
			);
			path = "books-ios";
			sourceTree = "<group>";
		};
		BFC8A7E8268F7A6C00C72955 /* books-iosTests */ = {
			isa = PBXGroup;
			children = (
				BFC8A7E9268F7A6C00C72955 /* BooksIosTests.swift */,
				BFC8A7EB268F7A6C00C72955 /* Info.plist */,
			);
			path = "books-iosTests";
			sourceTree = "<group>";
		};
		BFC8A7F3268F7A6C00C72955 /* books-iosUITests */ = {
			isa = PBXGroup;
			children = (
				BFC8A7F4268F7A6C00C72955 /* BooksIosUITests.swift */,
				BFC8A7F6268F7A6C00C72955 /* Info.plist */,
			);
			path = "books-iosUITests";
			sourceTree = "<group>";
		};
		BFC8A802268F906900C72955 /* Coordinator */ = {
			isa = PBXGroup;
			children = (
				BFC8A80B268F94B100C72955 /* App */,
				BFC8A80A268F94A800C72955 /* Login */,
			);
			path = Coordinator;
			sourceTree = "<group>";
		};
		BFC8A805268F921C00C72955 /* Controllers */ = {
			isa = PBXGroup;
			children = (
				BFC8A806268F924000C72955 /* LoginViewController.swift */,
			);
			path = Controllers;
			sourceTree = "<group>";
		};
		BFC8A80A268F94A800C72955 /* Login */ = {
			isa = PBXGroup;
			children = (
				BFC8A808268F94A500C72955 /* LoginCoordinator.swift */,
			);
			path = Login;
			sourceTree = "<group>";
		};
		BFC8A80B268F94B100C72955 /* App */ = {
			isa = PBXGroup;
			children = (
				BFC8A803268F907800C72955 /* AppCoordinator.swift */,
			);
			path = App;
			sourceTree = "<group>";
		};
		BFC8A80C26932C3500C72955 /* Presenters */ = {
			isa = PBXGroup;
			children = (
				BFC8A80D26932C4500C72955 /* LoginPresenter.swift */,
			);
			path = Presenters;
			sourceTree = "<group>";
		};
		BFC8A80F26932CCD00C72955 /* Views */ = {
			isa = PBXGroup;
			children = (
				BFC8A82026934A4C00C72955 /* Assets */,
				BFC8A805268F921C00C72955 /* Controllers */,
				BFC8A81E26934A1D00C72955 /* Custom */,
			);
			path = Views;
			sourceTree = "<group>";
		};
		BFC8A81226932F7100C72955 /* Colors */ = {
			isa = PBXGroup;
			children = (
				BFC8A81326932F8000C72955 /* Colors.swift */,
			);
			path = Colors;
			sourceTree = "<group>";
		};
		BFC8A81D269349F300C72955 /* App Delegate */ = {
			isa = PBXGroup;
			children = (
				BFC8A7D2268F7A6900C72955 /* AppDelegate.swift */,
				BFC8A7D4268F7A6900C72955 /* SceneDelegate.swift */,
			);
			path = "App Delegate";
			sourceTree = "<group>";
		};
		BFC8A81E26934A1D00C72955 /* Custom */ = {
			isa = PBXGroup;
			children = (
				BFC8A81F26934A2A00C72955 /* Login */,
			);
			path = Custom;
			sourceTree = "<group>";
		};
		BFC8A81F26934A2A00C72955 /* Login */ = {
			isa = PBXGroup;
			children = (
				BFC8A826269353A100C72955 /* InputView.swift */,
				BFC8A8242693530300C72955 /* Label.swift */,
				BFC8A81026932CEA00C72955 /* TextField.swift */,
				BFC8A815269331C700C72955 /* TextFieldStack.swift */,
				BFC8A81B2693460700C72955 /* BackgroundImage.swift */,
				BFC8A82226934D0C00C72955 /* LoginButton.swift */,
			);
			path = Login;
			sourceTree = "<group>";
		};
		BFC8A82026934A4C00C72955 /* Assets */ = {
			isa = PBXGroup;
			children = (
				BFC8A7DB268F7A6B00C72955 /* Assets.xcassets */,
			);
			path = Assets;
			sourceTree = "<group>";
		};
		BFC8A82126934A5F00C72955 /* Supporting Files */ = {
			isa = PBXGroup;
			children = (
				BFC8A7DD268F7A6B00C72955 /* LaunchScreen.storyboard */,
				BFC8A7E0268F7A6B00C72955 /* Info.plist */,
			);
			path = "Supporting Files";
			sourceTree = "<group>";
		};
/* End PBXGroup section */

/* Begin PBXNativeTarget section */
		BFC8A7CE268F7A6900C72955 /* books-ios */ = {
			isa = PBXNativeTarget;
			buildConfigurationList = BFC8A7F9268F7A6C00C72955 /* Build configuration list for PBXNativeTarget "books-ios" */;
			buildPhases = (
				BFC8A7CB268F7A6900C72955 /* Sources */,
				BFC8A7CC268F7A6900C72955 /* Frameworks */,
				BFC8A7CD268F7A6900C72955 /* Resources */,
				BFC8A81A2693402E00C72955 /* ShellScript */,
			);
			buildRules = (
			);
			dependencies = (
			);
			name = "books-ios";
			packageProductDependencies = (
			);
			productName = "books-ios";
			productReference = BFC8A7CF268F7A6900C72955 /* books-ios.app */;
			productType = "com.apple.product-type.application";
		};
		BFC8A7E4268F7A6C00C72955 /* books-iosTests */ = {
			isa = PBXNativeTarget;
			buildConfigurationList = BFC8A7FC268F7A6C00C72955 /* Build configuration list for PBXNativeTarget "books-iosTests" */;
			buildPhases = (
				BFC8A7E1268F7A6C00C72955 /* Sources */,
				BFC8A7E2268F7A6C00C72955 /* Frameworks */,
				BFC8A7E3268F7A6C00C72955 /* Resources */,
			);
			buildRules = (
			);
			dependencies = (
				BFC8A7E7268F7A6C00C72955 /* PBXTargetDependency */,
			);
			name = "books-iosTests";
			productName = "books-iosTests";
			productReference = BFC8A7E5268F7A6C00C72955 /* books-iosTests.xctest */;
			productType = "com.apple.product-type.bundle.unit-test";
		};
		BFC8A7EF268F7A6C00C72955 /* books-iosUITests */ = {
			isa = PBXNativeTarget;
			buildConfigurationList = BFC8A7FF268F7A6C00C72955 /* Build configuration list for PBXNativeTarget "books-iosUITests" */;
			buildPhases = (
				BFC8A7EC268F7A6C00C72955 /* Sources */,
				BFC8A7ED268F7A6C00C72955 /* Frameworks */,
				BFC8A7EE268F7A6C00C72955 /* Resources */,
			);
			buildRules = (
			);
			dependencies = (
				BFC8A7F2268F7A6C00C72955 /* PBXTargetDependency */,
			);
			name = "books-iosUITests";
			productName = "books-iosUITests";
			productReference = BFC8A7F0268F7A6C00C72955 /* books-iosUITests.xctest */;
			productType = "com.apple.product-type.bundle.ui-testing";
		};
/* End PBXNativeTarget section */

/* Begin PBXProject section */
		BFC8A7C7268F7A6800C72955 /* Project object */ = {
			isa = PBXProject;
			attributes = {
				LastSwiftUpdateCheck = 1250;
				LastUpgradeCheck = 1250;
				TargetAttributes = {
					BFC8A7CE268F7A6900C72955 = {
						CreatedOnToolsVersion = 12.5;
					};
					BFC8A7E4268F7A6C00C72955 = {
						CreatedOnToolsVersion = 12.5;
						TestTargetID = BFC8A7CE268F7A6900C72955;
					};
					BFC8A7EF268F7A6C00C72955 = {
						CreatedOnToolsVersion = 12.5;
						TestTargetID = BFC8A7CE268F7A6900C72955;
					};
				};
			};
			buildConfigurationList = BFC8A7CA268F7A6800C72955 /* Build configuration list for PBXProject "books-ios" */;
			compatibilityVersion = "Xcode 9.3";
			developmentRegion = en;
			hasScannedForEncodings = 0;
			knownRegions = (
				en,
				Base,
			);
			mainGroup = BFC8A7C6268F7A6800C72955;
			packageReferences = (
			);
			productRefGroup = BFC8A7D0268F7A6900C72955 /* Products */;
			projectDirPath = "";
			projectRoot = "";
			targets = (
				BFC8A7CE268F7A6900C72955 /* books-ios */,
				BFC8A7E4268F7A6C00C72955 /* books-iosTests */,
				BFC8A7EF268F7A6C00C72955 /* books-iosUITests */,
			);
		};
/* End PBXProject section */

/* Begin PBXResourcesBuildPhase section */
		BFC8A7CD268F7A6900C72955 /* Resources */ = {
			isa = PBXResourcesBuildPhase;
			buildActionMask = 2147483647;
			files = (
				BFC8A7DF268F7A6B00C72955 /* LaunchScreen.storyboard in Resources */,
				BFC8A7DC268F7A6B00C72955 /* Assets.xcassets in Resources */,
			);
			runOnlyForDeploymentPostprocessing = 0;
		};
		BFC8A7E3268F7A6C00C72955 /* Resources */ = {
			isa = PBXResourcesBuildPhase;
			buildActionMask = 2147483647;
			files = (
			);
			runOnlyForDeploymentPostprocessing = 0;
		};
		BFC8A7EE268F7A6C00C72955 /* Resources */ = {
			isa = PBXResourcesBuildPhase;
			buildActionMask = 2147483647;
			files = (
			);
			runOnlyForDeploymentPostprocessing = 0;
		};
/* End PBXResourcesBuildPhase section */

/* Begin PBXShellScriptBuildPhase section */
		BFC8A81A2693402E00C72955 /* ShellScript */ = {
			isa = PBXShellScriptBuildPhase;
			buildActionMask = 2147483647;
			files = (
			);
			inputFileListPaths = (
			);
			inputPaths = (
			);
			outputFileListPaths = (
			);
			outputPaths = (
			);
			runOnlyForDeploymentPostprocessing = 0;
			shellPath = /bin/sh;
			shellScript = "if which swiftlint >/dev/null; then\n  swiftlint\nelse\n  echo \"warning: SwiftLint not installed, download from https://github.com/realm/SwiftLint\"\nfi\n";
		};
/* End PBXShellScriptBuildPhase section */

/* Begin PBXSourcesBuildPhase section */
		BFC8A7CB268F7A6900C72955 /* Sources */ = {
			isa = PBXSourcesBuildPhase;
			buildActionMask = 2147483647;
			files = (
				BFC8A827269353A100C72955 /* InputView.swift in Sources */,
				BFC8A82326934D0C00C72955 /* LoginButton.swift in Sources */,
				BFC8A80E26932C4500C72955 /* LoginPresenter.swift in Sources */,
				BFC8A8252693530300C72955 /* Label.swift in Sources */,
				BFC8A81426932F8000C72955 /* Colors.swift in Sources */,
				BFC8A809268F94A500C72955 /* LoginCoordinator.swift in Sources */,
				BFC8A81C2693460700C72955 /* BackgroundImage.swift in Sources */,
				BFC8A816269331C700C72955 /* TextFieldStack.swift in Sources */,
				BFC8A804268F907800C72955 /* AppCoordinator.swift in Sources */,
				BFC8A81126932CEA00C72955 /* TextField.swift in Sources */,
				BFC8A7D3268F7A6900C72955 /* AppDelegate.swift in Sources */,
				BFC8A807268F924000C72955 /* LoginViewController.swift in Sources */,
				BFC8A7D5268F7A6900C72955 /* SceneDelegate.swift in Sources */,
			);
			runOnlyForDeploymentPostprocessing = 0;
		};
		BFC8A7E1268F7A6C00C72955 /* Sources */ = {
			isa = PBXSourcesBuildPhase;
			buildActionMask = 2147483647;
			files = (
				BFC8A7EA268F7A6C00C72955 /* BooksIosTests.swift in Sources */,
			);
			runOnlyForDeploymentPostprocessing = 0;
		};
		BFC8A7EC268F7A6C00C72955 /* Sources */ = {
			isa = PBXSourcesBuildPhase;
			buildActionMask = 2147483647;
			files = (
				BFC8A7F5268F7A6C00C72955 /* BooksIosUITests.swift in Sources */,
			);
			runOnlyForDeploymentPostprocessing = 0;
		};
/* End PBXSourcesBuildPhase section */

/* Begin PBXTargetDependency section */
		BFC8A7E7268F7A6C00C72955 /* PBXTargetDependency */ = {
			isa = PBXTargetDependency;
			target = BFC8A7CE268F7A6900C72955 /* books-ios */;
			targetProxy = BFC8A7E6268F7A6C00C72955 /* PBXContainerItemProxy */;
		};
		BFC8A7F2268F7A6C00C72955 /* PBXTargetDependency */ = {
			isa = PBXTargetDependency;
			target = BFC8A7CE268F7A6900C72955 /* books-ios */;
			targetProxy = BFC8A7F1268F7A6C00C72955 /* PBXContainerItemProxy */;
		};
/* End PBXTargetDependency section */

/* Begin PBXVariantGroup section */
		BFC8A7DD268F7A6B00C72955 /* LaunchScreen.storyboard */ = {
			isa = PBXVariantGroup;
			children = (
				BFC8A7DE268F7A6B00C72955 /* Base */,
			);
			name = LaunchScreen.storyboard;
			sourceTree = "<group>";
		};
/* End PBXVariantGroup section */

/* Begin XCBuildConfiguration section */
		BFC8A7F7268F7A6C00C72955 /* Debug */ = {
			isa = XCBuildConfiguration;
			buildSettings = {
				ALWAYS_SEARCH_USER_PATHS = NO;
				CLANG_ANALYZER_NONNULL = YES;
				CLANG_ANALYZER_NUMBER_OBJECT_CONVERSION = YES_AGGRESSIVE;
				CLANG_CXX_LANGUAGE_STANDARD = "gnu++14";
				CLANG_CXX_LIBRARY = "libc++";
				CLANG_ENABLE_MODULES = YES;
				CLANG_ENABLE_OBJC_ARC = YES;
				CLANG_ENABLE_OBJC_WEAK = YES;
				CLANG_WARN_BLOCK_CAPTURE_AUTORELEASING = YES;
				CLANG_WARN_BOOL_CONVERSION = YES;
				CLANG_WARN_COMMA = YES;
				CLANG_WARN_CONSTANT_CONVERSION = YES;
				CLANG_WARN_DEPRECATED_OBJC_IMPLEMENTATIONS = YES;
				CLANG_WARN_DIRECT_OBJC_ISA_USAGE = YES_ERROR;
				CLANG_WARN_DOCUMENTATION_COMMENTS = YES;
				CLANG_WARN_EMPTY_BODY = YES;
				CLANG_WARN_ENUM_CONVERSION = YES;
				CLANG_WARN_INFINITE_RECURSION = YES;
				CLANG_WARN_INT_CONVERSION = YES;
				CLANG_WARN_NON_LITERAL_NULL_CONVERSION = YES;
				CLANG_WARN_OBJC_IMPLICIT_RETAIN_SELF = YES;
				CLANG_WARN_OBJC_LITERAL_CONVERSION = YES;
				CLANG_WARN_OBJC_ROOT_CLASS = YES_ERROR;
				CLANG_WARN_QUOTED_INCLUDE_IN_FRAMEWORK_HEADER = YES;
				CLANG_WARN_RANGE_LOOP_ANALYSIS = YES;
				CLANG_WARN_STRICT_PROTOTYPES = YES;
				CLANG_WARN_SUSPICIOUS_MOVE = YES;
				CLANG_WARN_UNGUARDED_AVAILABILITY = YES_AGGRESSIVE;
				CLANG_WARN_UNREACHABLE_CODE = YES;
				CLANG_WARN__DUPLICATE_METHOD_MATCH = YES;
				COPY_PHASE_STRIP = NO;
				DEBUG_INFORMATION_FORMAT = dwarf;
				ENABLE_STRICT_OBJC_MSGSEND = YES;
				ENABLE_TESTABILITY = YES;
				GCC_C_LANGUAGE_STANDARD = gnu11;
				GCC_DYNAMIC_NO_PIC = NO;
				GCC_NO_COMMON_BLOCKS = YES;
				GCC_OPTIMIZATION_LEVEL = 0;
				GCC_PREPROCESSOR_DEFINITIONS = (
					"DEBUG=1",
					"$(inherited)",
				);
				GCC_WARN_64_TO_32_BIT_CONVERSION = YES;
				GCC_WARN_ABOUT_RETURN_TYPE = YES_ERROR;
				GCC_WARN_UNDECLARED_SELECTOR = YES;
				GCC_WARN_UNINITIALIZED_AUTOS = YES_AGGRESSIVE;
				GCC_WARN_UNUSED_FUNCTION = YES;
				GCC_WARN_UNUSED_VARIABLE = YES;
				IPHONEOS_DEPLOYMENT_TARGET = 14.5;
				MTL_ENABLE_DEBUG_INFO = INCLUDE_SOURCE;
				MTL_FAST_MATH = YES;
				ONLY_ACTIVE_ARCH = YES;
				SDKROOT = iphoneos;
				SWIFT_ACTIVE_COMPILATION_CONDITIONS = DEBUG;
				SWIFT_OPTIMIZATION_LEVEL = "-Onone";
			};
			name = Debug;
		};
		BFC8A7F8268F7A6C00C72955 /* Release */ = {
			isa = XCBuildConfiguration;
			buildSettings = {
				ALWAYS_SEARCH_USER_PATHS = NO;
				CLANG_ANALYZER_NONNULL = YES;
				CLANG_ANALYZER_NUMBER_OBJECT_CONVERSION = YES_AGGRESSIVE;
				CLANG_CXX_LANGUAGE_STANDARD = "gnu++14";
				CLANG_CXX_LIBRARY = "libc++";
				CLANG_ENABLE_MODULES = YES;
				CLANG_ENABLE_OBJC_ARC = YES;
				CLANG_ENABLE_OBJC_WEAK = YES;
				CLANG_WARN_BLOCK_CAPTURE_AUTORELEASING = YES;
				CLANG_WARN_BOOL_CONVERSION = YES;
				CLANG_WARN_COMMA = YES;
				CLANG_WARN_CONSTANT_CONVERSION = YES;
				CLANG_WARN_DEPRECATED_OBJC_IMPLEMENTATIONS = YES;
				CLANG_WARN_DIRECT_OBJC_ISA_USAGE = YES_ERROR;
				CLANG_WARN_DOCUMENTATION_COMMENTS = YES;
				CLANG_WARN_EMPTY_BODY = YES;
				CLANG_WARN_ENUM_CONVERSION = YES;
				CLANG_WARN_INFINITE_RECURSION = YES;
				CLANG_WARN_INT_CONVERSION = YES;
				CLANG_WARN_NON_LITERAL_NULL_CONVERSION = YES;
				CLANG_WARN_OBJC_IMPLICIT_RETAIN_SELF = YES;
				CLANG_WARN_OBJC_LITERAL_CONVERSION = YES;
				CLANG_WARN_OBJC_ROOT_CLASS = YES_ERROR;
				CLANG_WARN_QUOTED_INCLUDE_IN_FRAMEWORK_HEADER = YES;
				CLANG_WARN_RANGE_LOOP_ANALYSIS = YES;
				CLANG_WARN_STRICT_PROTOTYPES = YES;
				CLANG_WARN_SUSPICIOUS_MOVE = YES;
				CLANG_WARN_UNGUARDED_AVAILABILITY = YES_AGGRESSIVE;
				CLANG_WARN_UNREACHABLE_CODE = YES;
				CLANG_WARN__DUPLICATE_METHOD_MATCH = YES;
				COPY_PHASE_STRIP = NO;
				DEBUG_INFORMATION_FORMAT = "dwarf-with-dsym";
				ENABLE_NS_ASSERTIONS = NO;
				ENABLE_STRICT_OBJC_MSGSEND = YES;
				GCC_C_LANGUAGE_STANDARD = gnu11;
				GCC_NO_COMMON_BLOCKS = YES;
				GCC_WARN_64_TO_32_BIT_CONVERSION = YES;
				GCC_WARN_ABOUT_RETURN_TYPE = YES_ERROR;
				GCC_WARN_UNDECLARED_SELECTOR = YES;
				GCC_WARN_UNINITIALIZED_AUTOS = YES_AGGRESSIVE;
				GCC_WARN_UNUSED_FUNCTION = YES;
				GCC_WARN_UNUSED_VARIABLE = YES;
				IPHONEOS_DEPLOYMENT_TARGET = 14.5;
				MTL_ENABLE_DEBUG_INFO = NO;
				MTL_FAST_MATH = YES;
				SDKROOT = iphoneos;
				SWIFT_COMPILATION_MODE = wholemodule;
				SWIFT_OPTIMIZATION_LEVEL = "-O";
				VALIDATE_PRODUCT = YES;
			};
			name = Release;
		};
		BFC8A7FA268F7A6C00C72955 /* Debug */ = {
			isa = XCBuildConfiguration;
			buildSettings = {
				ASSETCATALOG_COMPILER_APPICON_NAME = AppIcon;
				ASSETCATALOG_COMPILER_GLOBAL_ACCENT_COLOR_NAME = AccentColor;
				CODE_SIGN_STYLE = Automatic;
				DEVELOPMENT_TEAM = 3CV7BCTMKP;
				INFOPLIST_FILE = "books-ios/Supporting Files/Info.plist";
				LD_RUNPATH_SEARCH_PATHS = (
					"$(inherited)",
					"@executable_path/Frameworks",
				);
				PRODUCT_BUNDLE_IDENTIFIER = "henriquebarbosa.books-ios";
				PRODUCT_NAME = "$(TARGET_NAME)";
				SWIFT_VERSION = 5.0;
				TARGETED_DEVICE_FAMILY = "1,2";
			};
			name = Debug;
		};
		BFC8A7FB268F7A6C00C72955 /* Release */ = {
			isa = XCBuildConfiguration;
			buildSettings = {
				ASSETCATALOG_COMPILER_APPICON_NAME = AppIcon;
				ASSETCATALOG_COMPILER_GLOBAL_ACCENT_COLOR_NAME = AccentColor;
				CODE_SIGN_STYLE = Automatic;
				DEVELOPMENT_TEAM = 3CV7BCTMKP;
				INFOPLIST_FILE = "books-ios/Supporting Files/Info.plist";
				LD_RUNPATH_SEARCH_PATHS = (
					"$(inherited)",
					"@executable_path/Frameworks",
				);
				PRODUCT_BUNDLE_IDENTIFIER = "henriquebarbosa.books-ios";
				PRODUCT_NAME = "$(TARGET_NAME)";
				SWIFT_VERSION = 5.0;
				TARGETED_DEVICE_FAMILY = "1,2";
			};
			name = Release;
		};
		BFC8A7FD268F7A6C00C72955 /* Debug */ = {
			isa = XCBuildConfiguration;
			buildSettings = {
				ALWAYS_EMBED_SWIFT_STANDARD_LIBRARIES = YES;
				BUNDLE_LOADER = "$(TEST_HOST)";
				CODE_SIGN_STYLE = Automatic;
				DEVELOPMENT_TEAM = 3CV7BCTMKP;
				INFOPLIST_FILE = "books-iosTests/Info.plist";
				IPHONEOS_DEPLOYMENT_TARGET = 14.5;
				LD_RUNPATH_SEARCH_PATHS = (
					"$(inherited)",
					"@executable_path/Frameworks",
					"@loader_path/Frameworks",
				);
				PRODUCT_BUNDLE_IDENTIFIER = "henriquebarbosa.books-iosTests";
				PRODUCT_NAME = "$(TARGET_NAME)";
				SWIFT_VERSION = 5.0;
				TARGETED_DEVICE_FAMILY = "1,2";
				TEST_HOST = "$(BUILT_PRODUCTS_DIR)/books-ios.app/books-ios";
			};
			name = Debug;
		};
		BFC8A7FE268F7A6C00C72955 /* Release */ = {
			isa = XCBuildConfiguration;
			buildSettings = {
				ALWAYS_EMBED_SWIFT_STANDARD_LIBRARIES = YES;
				BUNDLE_LOADER = "$(TEST_HOST)";
				CODE_SIGN_STYLE = Automatic;
				DEVELOPMENT_TEAM = 3CV7BCTMKP;
				INFOPLIST_FILE = "books-iosTests/Info.plist";
				IPHONEOS_DEPLOYMENT_TARGET = 14.5;
				LD_RUNPATH_SEARCH_PATHS = (
					"$(inherited)",
					"@executable_path/Frameworks",
					"@loader_path/Frameworks",
				);
				PRODUCT_BUNDLE_IDENTIFIER = "henriquebarbosa.books-iosTests";
				PRODUCT_NAME = "$(TARGET_NAME)";
				SWIFT_VERSION = 5.0;
				TARGETED_DEVICE_FAMILY = "1,2";
				TEST_HOST = "$(BUILT_PRODUCTS_DIR)/books-ios.app/books-ios";
			};
			name = Release;
		};
		BFC8A800268F7A6C00C72955 /* Debug */ = {
			isa = XCBuildConfiguration;
			buildSettings = {
				ALWAYS_EMBED_SWIFT_STANDARD_LIBRARIES = YES;
				CODE_SIGN_STYLE = Automatic;
				DEVELOPMENT_TEAM = 3CV7BCTMKP;
				INFOPLIST_FILE = "books-iosUITests/Info.plist";
				LD_RUNPATH_SEARCH_PATHS = (
					"$(inherited)",
					"@executable_path/Frameworks",
					"@loader_path/Frameworks",
				);
				PRODUCT_BUNDLE_IDENTIFIER = "henriquebarbosa.books-iosUITests";
				PRODUCT_NAME = "$(TARGET_NAME)";
				SWIFT_VERSION = 5.0;
				TARGETED_DEVICE_FAMILY = "1,2";
				TEST_TARGET_NAME = "books-ios";
			};
			name = Debug;
		};
		BFC8A801268F7A6C00C72955 /* Release */ = {
			isa = XCBuildConfiguration;
			buildSettings = {
				ALWAYS_EMBED_SWIFT_STANDARD_LIBRARIES = YES;
				CODE_SIGN_STYLE = Automatic;
				DEVELOPMENT_TEAM = 3CV7BCTMKP;
				INFOPLIST_FILE = "books-iosUITests/Info.plist";
				LD_RUNPATH_SEARCH_PATHS = (
					"$(inherited)",
					"@executable_path/Frameworks",
					"@loader_path/Frameworks",
				);
				PRODUCT_BUNDLE_IDENTIFIER = "henriquebarbosa.books-iosUITests";
				PRODUCT_NAME = "$(TARGET_NAME)";
				SWIFT_VERSION = 5.0;
				TARGETED_DEVICE_FAMILY = "1,2";
				TEST_TARGET_NAME = "books-ios";
			};
			name = Release;
		};
/* End XCBuildConfiguration section */

/* Begin XCConfigurationList section */
		BFC8A7CA268F7A6800C72955 /* Build configuration list for PBXProject "books-ios" */ = {
			isa = XCConfigurationList;
			buildConfigurations = (
				BFC8A7F7268F7A6C00C72955 /* Debug */,
				BFC8A7F8268F7A6C00C72955 /* Release */,
			);
			defaultConfigurationIsVisible = 0;
			defaultConfigurationName = Release;
		};
		BFC8A7F9268F7A6C00C72955 /* Build configuration list for PBXNativeTarget "books-ios" */ = {
			isa = XCConfigurationList;
			buildConfigurations = (
				BFC8A7FA268F7A6C00C72955 /* Debug */,
				BFC8A7FB268F7A6C00C72955 /* Release */,
			);
			defaultConfigurationIsVisible = 0;
			defaultConfigurationName = Release;
		};
		BFC8A7FC268F7A6C00C72955 /* Build configuration list for PBXNativeTarget "books-iosTests" */ = {
			isa = XCConfigurationList;
			buildConfigurations = (
				BFC8A7FD268F7A6C00C72955 /* Debug */,
				BFC8A7FE268F7A6C00C72955 /* Release */,
			);
			defaultConfigurationIsVisible = 0;
			defaultConfigurationName = Release;
		};
		BFC8A7FF268F7A6C00C72955 /* Build configuration list for PBXNativeTarget "books-iosUITests" */ = {
			isa = XCConfigurationList;
			buildConfigurations = (
				BFC8A800268F7A6C00C72955 /* Debug */,
				BFC8A801268F7A6C00C72955 /* Release */,
			);
			defaultConfigurationIsVisible = 0;
			defaultConfigurationName = Release;
		};
/* End XCConfigurationList section */
	};
	rootObject = BFC8A7C7268F7A6800C72955 /* Project object */;
}
